// !$*UTF8*$!
{
	archiveVersion = 1;
	classes = {
	};
	objectVersion = 46;
	objects = {

/* Begin PBXBuildFile section */
		5D79F7031A051FE400BDB73F /* AppDelegate.swift in Sources */ = {isa = PBXBuildFile; fileRef = 5D79F7021A051FE400BDB73F /* AppDelegate.swift */; };
		5D79F7061A051FE400BDB73F /* Whitebox.xcdatamodeld in Sources */ = {isa = PBXBuildFile; fileRef = 5D79F7041A051FE400BDB73F /* Whitebox.xcdatamodeld */; };
		5D79F7081A051FE400BDB73F /* Images.xcassets in Resources */ = {isa = PBXBuildFile; fileRef = 5D79F7071A051FE400BDB73F /* Images.xcassets */; };
		5D79F70B1A051FE400BDB73F /* MainMenu.xib in Resources */ = {isa = PBXBuildFile; fileRef = 5D79F7091A051FE400BDB73F /* MainMenu.xib */; };
		5D79F7171A051FE400BDB73F /* WhiteboxTests.swift in Sources */ = {isa = PBXBuildFile; fileRef = 5D79F7161A051FE400BDB73F /* WhiteboxTests.swift */; };
/* End PBXBuildFile section */

/* Begin PBXContainerItemProxy section */
		5D79F7111A051FE400BDB73F /* PBXContainerItemProxy */ = {
			isa = PBXContainerItemProxy;
			containerPortal = 5D79F6F51A051FE400BDB73F /* Project object */;
			proxyType = 1;
			remoteGlobalIDString = 5D79F6FC1A051FE400BDB73F;
			remoteInfo = Whitebox;
		};
/* End PBXContainerItemProxy section */

/* Begin PBXFileReference section */
		5D79F6FD1A051FE400BDB73F /* Whitebox.app */ = {isa = PBXFileReference; explicitFileType = wrapper.application; includeInIndex = 0; path = Whitebox.app; sourceTree = BUILT_PRODUCTS_DIR; };
		5D79F7011A051FE400BDB73F /* Info.plist */ = {isa = PBXFileReference; lastKnownFileType = text.plist.xml; path = Info.plist; sourceTree = "<group>"; };
		5D79F7021A051FE400BDB73F /* AppDelegate.swift */ = {isa = PBXFileReference; lastKnownFileType = sourcecode.swift; path = AppDelegate.swift; sourceTree = "<group>"; };
		5D79F7051A051FE400BDB73F /* Whitebox.xcdatamodel */ = {isa = PBXFileReference; lastKnownFileType = wrapper.xcdatamodel; path = Whitebox.xcdatamodel; sourceTree = "<group>"; };
		5D79F7071A051FE400BDB73F /* Images.xcassets */ = {isa = PBXFileReference; lastKnownFileType = folder.assetcatalog; path = Images.xcassets; sourceTree = "<group>"; };
		5D79F70A1A051FE400BDB73F /* Base */ = {isa = PBXFileReference; lastKnownFileType = file.xib; name = Base; path = Base.lproj/MainMenu.xib; sourceTree = "<group>"; };
		5D79F7101A051FE400BDB73F /* WhiteboxTests.xctest */ = {isa = PBXFileReference; explicitFileType = wrapper.cfbundle; includeInIndex = 0; path = WhiteboxTests.xctest; sourceTree = BUILT_PRODUCTS_DIR; };
		5D79F7151A051FE400BDB73F /* Info.plist */ = {isa = PBXFileReference; lastKnownFileType = text.plist.xml; path = Info.plist; sourceTree = "<group>"; };
		5D79F7161A051FE400BDB73F /* WhiteboxTests.swift */ = {isa = PBXFileReference; lastKnownFileType = sourcecode.swift; path = WhiteboxTests.swift; sourceTree = "<group>"; };
/* End PBXFileReference section */

/* Begin PBXFrameworksBuildPhase section */
		5D79F6FA1A051FE400BDB73F /* Frameworks */ = {
			isa = PBXFrameworksBuildPhase;
			buildActionMask = 2147483647;
			files = (
			);
			runOnlyForDeploymentPostprocessing = 0;
		};
		5D79F70D1A051FE400BDB73F /* Frameworks */ = {
			isa = PBXFrameworksBuildPhase;
			buildActionMask = 2147483647;
			files = (
			);
			runOnlyForDeploymentPostprocessing = 0;
		};
/* End PBXFrameworksBuildPhase section */

/* Begin PBXGroup section */
		5D79F6F41A051FE400BDB73F = {
			isa = PBXGroup;
			children = (
				5D79F6FF1A051FE400BDB73F /* Whitebox */,
				5D79F7131A051FE400BDB73F /* WhiteboxTests */,
				5D79F6FE1A051FE400BDB73F /* Products */,
			);
			sourceTree = "<group>";
		};
		5D79F6FE1A051FE400BDB73F /* Products */ = {
			isa = PBXGroup;
			children = (
				5D79F6FD1A051FE400BDB73F /* Whitebox.app */,
				5D79F7101A051FE400BDB73F /* WhiteboxTests.xctest */,
			);
			name = Products;
			sourceTree = "<group>";
		};
		5D79F6FF1A051FE400BDB73F /* Whitebox */ = {
			isa = PBXGroup;
			children = (
				5D79F7021A051FE400BDB73F /* AppDelegate.swift */,
				5D79F7071A051FE400BDB73F /* Images.xcassets */,
				5D79F7091A051FE400BDB73F /* MainMenu.xib */,
				5D79F7041A051FE400BDB73F /* Whitebox.xcdatamodeld */,
				5D79F7001A051FE400BDB73F /* Supporting Files */,
			);
			path = Whitebox;
			sourceTree = "<group>";
		};
		5D79F7001A051FE400BDB73F /* Supporting Files */ = {
			isa = PBXGroup;
			children = (
				5D79F7011A051FE400BDB73F /* Info.plist */,
			);
			name = "Supporting Files";
			sourceTree = "<group>";
		};
		5D79F7131A051FE400BDB73F /* WhiteboxTests */ = {
			isa = PBXGroup;
			children = (
				5D79F7161A051FE400BDB73F /* WhiteboxTests.swift */,
				5D79F7141A051FE400BDB73F /* Supporting Files */,
			);
			path = WhiteboxTests;
			sourceTree = "<group>";
		};
		5D79F7141A051FE400BDB73F /* Supporting Files */ = {
			isa = PBXGroup;
			children = (
				5D79F7151A051FE400BDB73F /* Info.plist */,
			);
			name = "Supporting Files";
			sourceTree = "<group>";
		};
/* End PBXGroup section */

/* Begin PBXNativeTarget section */
		5D79F6FC1A051FE400BDB73F /* Whitebox */ = {
			isa = PBXNativeTarget;
			buildConfigurationList = 5D79F71A1A051FE400BDB73F /* Build configuration list for PBXNativeTarget "Whitebox" */;
			buildPhases = (
				5D79F6F91A051FE400BDB73F /* Sources */,
				5D79F6FA1A051FE400BDB73F /* Frameworks */,
				5D79F6FB1A051FE400BDB73F /* Resources */,
			);
			buildRules = (
			);
			dependencies = (
			);
			name = Whitebox;
			productName = Whitebox;
			productReference = 5D79F6FD1A051FE400BDB73F /* Whitebox.app */;
			productType = "com.apple.product-type.application";
		};
		5D79F70F1A051FE400BDB73F /* WhiteboxTests */ = {
			isa = PBXNativeTarget;
			buildConfigurationList = 5D79F71D1A051FE400BDB73F /* Build configuration list for PBXNativeTarget "WhiteboxTests" */;
			buildPhases = (
				5D79F70C1A051FE400BDB73F /* Sources */,
				5D79F70D1A051FE400BDB73F /* Frameworks */,
				5D79F70E1A051FE400BDB73F /* Resources */,
			);
			buildRules = (
			);
			dependencies = (
				5D79F7121A051FE400BDB73F /* PBXTargetDependency */,
			);
			name = WhiteboxTests;
			productName = WhiteboxTests;
			productReference = 5D79F7101A051FE400BDB73F /* WhiteboxTests.xctest */;
			productType = "com.apple.product-type.bundle.unit-test";
		};
/* End PBXNativeTarget section */

/* Begin PBXProject section */
		5D79F6F51A051FE400BDB73F /* Project object */ = {
			isa = PBXProject;
			attributes = {
				LastUpgradeCheck = 0610;
				ORGANIZATIONNAME = "Brand New Heroes";
				TargetAttributes = {
					5D79F6FC1A051FE400BDB73F = {
						CreatedOnToolsVersion = 6.1;
					};
					5D79F70F1A051FE400BDB73F = {
						CreatedOnToolsVersion = 6.1;
						TestTargetID = 5D79F6FC1A051FE400BDB73F;
					};
				};
			};
			buildConfigurationList = 5D79F6F81A051FE400BDB73F /* Build configuration list for PBXProject "Whitebox" */;
			compatibilityVersion = "Xcode 3.2";
			developmentRegion = English;
			hasScannedForEncodings = 0;
			knownRegions = (
				en,
				Base,
			);
			mainGroup = 5D79F6F41A051FE400BDB73F;
			productRefGroup = 5D79F6FE1A051FE400BDB73F /* Products */;
			projectDirPath = "";
			projectRoot = "";
			targets = (
				5D79F6FC1A051FE400BDB73F /* Whitebox */,
				5D79F70F1A051FE400BDB73F /* WhiteboxTests */,
			);
		};
/* End PBXProject section */

/* Begin PBXResourcesBuildPhase section */
		5D79F6FB1A051FE400BDB73F /* Resources */ = {
			isa = PBXResourcesBuildPhase;
			buildActionMask = 2147483647;
			files = (
				5D79F7081A051FE400BDB73F /* Images.xcassets in Resources */,
				5D79F70B1A051FE400BDB73F /* MainMenu.xib in Resources */,
			);
			runOnlyForDeploymentPostprocessing = 0;
		};
		5D79F70E1A051FE400BDB73F /* Resources */ = {
			isa = PBXResourcesBuildPhase;
			buildActionMask = 2147483647;
			files = (
			);
			runOnlyForDeploymentPostprocessing = 0;
		};
/* End PBXResourcesBuildPhase section */

/* Begin PBXSourcesBuildPhase section */
		5D79F6F91A051FE400BDB73F /* Sources */ = {
			isa = PBXSourcesBuildPhase;
			buildActionMask = 2147483647;
			files = (
				5D79F7031A051FE400BDB73F /* AppDelegate.swift in Sources */,
				5D79F7061A051FE400BDB73F /* Whitebox.xcdatamodeld in Sources */,
			);
			runOnlyForDeploymentPostprocessing = 0;
		};
		5D79F70C1A051FE400BDB73F /* Sources */ = {
			isa = PBXSourcesBuildPhase;
			buildActionMask = 2147483647;
			files = (
				5D79F7171A051FE400BDB73F /* WhiteboxTests.swift in Sources */,
			);
			runOnlyForDeploymentPostprocessing = 0;
		};
/* End PBXSourcesBuildPhase section */

/* Begin PBXTargetDependency section */
		5D79F7121A051FE400BDB73F /* PBXTargetDependency */ = {
			isa = PBXTargetDependency;
			target = 5D79F6FC1A051FE400BDB73F /* Whitebox */;
			targetProxy = 5D79F7111A051FE400BDB73F /* PBXContainerItemProxy */;
		};
/* End PBXTargetDependency section */

/* Begin PBXVariantGroup section */
		5D79F7091A051FE400BDB73F /* MainMenu.xib */ = {
			isa = PBXVariantGroup;
			children = (
				5D79F70A1A051FE400BDB73F /* Base */,
			);
			name = MainMenu.xib;
			sourceTree = "<group>";
		};
/* End PBXVariantGroup section */

/* Begin XCBuildConfiguration section */
		5D79F7181A051FE400BDB73F /* Debug */ = {
			isa = XCBuildConfiguration;
			buildSettings = {
				ALWAYS_SEARCH_USER_PATHS = NO;
				CLANG_CXX_LANGUAGE_STANDARD = "gnu++0x";
				CLANG_CXX_LIBRARY = "libc++";
				CLANG_ENABLE_MODULES = YES;
				CLANG_ENABLE_OBJC_ARC = YES;
				CLANG_WARN_BOOL_CONVERSION = YES;
				CLANG_WARN_CONSTANT_CONVERSION = YES;
				CLANG_WARN_DIRECT_OBJC_ISA_USAGE = YES_ERROR;
				CLANG_WARN_EMPTY_BODY = YES;
				CLANG_WARN_ENUM_CONVERSION = YES;
				CLANG_WARN_INT_CONVERSION = YES;
				CLANG_WARN_OBJC_ROOT_CLASS = YES_ERROR;
				CLANG_WARN_UNREACHABLE_CODE = YES;
				CLANG_WARN__DUPLICATE_METHOD_MATCH = YES;
				CODE_SIGN_IDENTITY = "-";
				COPY_PHASE_STRIP = NO;
				ENABLE_STRICT_OBJC_MSGSEND = YES;
				GCC_C_LANGUAGE_STANDARD = gnu99;
				GCC_DYNAMIC_NO_PIC = NO;
				GCC_OPTIMIZATION_LEVEL = 0;
				GCC_PREPROCESSOR_DEFINITIONS = (
					"DEBUG=1",
					"$(inherited)",
				);
				GCC_SYMBOLS_PRIVATE_EXTERN = NO;
				GCC_WARN_64_TO_32_BIT_CONVERSION = YES;
				GCC_WARN_ABOUT_RETURN_TYPE = YES_ERROR;
				GCC_WARN_UNDECLARED_SELECTOR = YES;
				GCC_WARN_UNINITIALIZED_AUTOS = YES_AGGRESSIVE;
				GCC_WARN_UNUSED_FUNCTION = YES;
				GCC_WARN_UNUSED_VARIABLE = YES;
				MACOSX_DEPLOYMENT_TARGET = 10.9;
				MTL_ENABLE_DEBUG_INFO = YES;
				ONLY_ACTIVE_ARCH = YES;
				SDKROOT = macosx;
				SWIFT_OPTIMIZATION_LEVEL = "-Onone";
			};
			name = Debug;
		};
		5D79F7191A051FE400BDB73F /* Release */ = {
			isa = XCBuildConfiguration;
			buildSettings = {
				ALWAYS_SEARCH_USER_PATHS = NO;
				CLANG_CXX_LANGUAGE_STANDARD = "gnu++0x";
				CLANG_CXX_LIBRARY = "libc++";
				CLANG_ENABLE_MODULES = YES;
				CLANG_ENABLE_OBJC_ARC = YES;
				CLANG_WARN_BOOL_CONVERSION = YES;
				CLANG_WARN_CONSTANT_CONVERSION = YES;
				CLANG_WARN_DIRECT_OBJC_ISA_USAGE = YES_ERROR;
				CLANG_WARN_EMPTY_BODY = YES;
				CLANG_WARN_ENUM_CONVERSION = YES;
				CLANG_WARN_INT_CONVERSION = YES;
				CLANG_WARN_OBJC_ROOT_CLASS = YES_ERROR;
				CLANG_WARN_UNREACHABLE_CODE = YES;
				CLANG_WARN__DUPLICATE_METHOD_MATCH = YES;
				CODE_SIGN_IDENTITY = "-";
				COPY_PHASE_STRIP = YES;
				DEBUG_INFORMATION_FORMAT = "dwarf-with-dsym";
				ENABLE_NS_ASSERTIONS = NO;
				ENABLE_STRICT_OBJC_MSGSEND = YES;
				GCC_C_LANGUAGE_STANDARD = gnu99;
				GCC_WARN_64_TO_32_BIT_CONVERSION = YES;
				GCC_WARN_ABOUT_RETURN_TYPE = YES_ERROR;
				GCC_WARN_UNDECLARED_SELECTOR = YES;
				GCC_WARN_UNINITIALIZED_AUTOS = YES_AGGRESSIVE;
				GCC_WARN_UNUSED_FUNCTION = YES;
				GCC_WARN_UNUSED_VARIABLE = YES;
				MACOSX_DEPLOYMENT_TARGET = 10.9;
				MTL_ENABLE_DEBUG_INFO = NO;
				SDKROOT = macosx;
			};
			name = Release;
		};
		5D79F71B1A051FE400BDB73F /* Debug */ = {
			isa = XCBuildConfiguration;
			buildSettings = {
				ASSETCATALOG_COMPILER_APPICON_NAME = AppIcon;
				COMBINE_HIDPI_IMAGES = YES;
				INFOPLIST_FILE = Whitebox/Info.plist;
				LD_RUNPATH_SEARCH_PATHS = "$(inherited) @executable_path/../Frameworks";
				PRODUCT_NAME = "$(TARGET_NAME)";
			};
			name = Debug;
		};
		5D79F71C1A051FE400BDB73F /* Release */ = {
			isa = XCBuildConfiguration;
			buildSettings = {
				ASSETCATALOG_COMPILER_APPICON_NAME = AppIcon;
				COMBINE_HIDPI_IMAGES = YES;
				INFOPLIST_FILE = Whitebox/Info.plist;
				LD_RUNPATH_SEARCH_PATHS = "$(inherited) @executable_path/../Frameworks";
				PRODUCT_NAME = "$(TARGET_NAME)";
			};
			name = Release;
		};
		5D79F71E1A051FE400BDB73F /* Debug */ = {
			isa = XCBuildConfiguration;
			buildSettings = {
				BUNDLE_LOADER = "$(TEST_HOST)";
				COMBINE_HIDPI_IMAGES = YES;
				FRAMEWORK_SEARCH_PATHS = (
					"$(DEVELOPER_FRAMEWORKS_DIR)",
					"$(inherited)",
				);
				GCC_PREPROCESSOR_DEFINITIONS = (
					"DEBUG=1",
					"$(inherited)",
				);
				INFOPLIST_FILE = WhiteboxTests/Info.plist;
				LD_RUNPATH_SEARCH_PATHS = "$(inherited) @executable_path/../Frameworks @loader_path/../Frameworks";
				PRODUCT_NAME = "$(TARGET_NAME)";
				TEST_HOST = "$(BUILT_PRODUCTS_DIR)/Whitebox.app/Contents/MacOS/Whitebox";
			};
			name = Debug;
		};
		5D79F71F1A051FE400BDB73F /* Release */ = {
			isa = XCBuildConfiguration;
			buildSettings = {
				BUNDLE_LOADER = "$(TEST_HOST)";
				COMBINE_HIDPI_IMAGES = YES;
				FRAMEWORK_SEARCH_PATHS = (
					"$(DEVELOPER_FRAMEWORKS_DIR)",
					"$(inherited)",
				);
				INFOPLIST_FILE = WhiteboxTests/Info.plist;
				LD_RUNPATH_SEARCH_PATHS = "$(inherited) @executable_path/../Frameworks @loader_path/../Frameworks";
				PRODUCT_NAME = "$(TARGET_NAME)";
				TEST_HOST = "$(BUILT_PRODUCTS_DIR)/Whitebox.app/Contents/MacOS/Whitebox";
			};
			name = Release;
		};
/* End XCBuildConfiguration section */

/* Begin XCConfigurationList section */
		5D79F6F81A051FE400BDB73F /* Build configuration list for PBXProject "Whitebox" */ = {
			isa = XCConfigurationList;
			buildConfigurations = (
				5D79F7181A051FE400BDB73F /* Debug */,
				5D79F7191A051FE400BDB73F /* Release */,
			);
			defaultConfigurationIsVisible = 0;
			defaultConfigurationName = Release;
		};
		5D79F71A1A051FE400BDB73F /* Build configuration list for PBXNativeTarget "Whitebox" */ = {
			isa = XCConfigurationList;
			buildConfigurations = (
				5D79F71B1A051FE400BDB73F /* Debug */,
				5D79F71C1A051FE400BDB73F /* Release */,
			);
			defaultConfigurationIsVisible = 0;
		};
		5D79F71D1A051FE400BDB73F /* Build configuration list for PBXNativeTarget "WhiteboxTests" */ = {
			isa = XCConfigurationList;
			buildConfigurations = (
				5D79F71E1A051FE400BDB73F /* Debug */,
				5D79F71F1A051FE400BDB73F /* Release */,
			);
			defaultConfigurationIsVisible = 0;
		};
/* End XCConfigurationList section */

/* Begin XCVersionGroup section */
		5D79F7041A051FE400BDB73F /* Whitebox.xcdatamodeld */ = {
			isa = XCVersionGroup;
			children = (
				5D79F7051A051FE400BDB73F /* Whitebox.xcdatamodel */,
			);
			currentVersion = 5D79F7051A051FE400BDB73F /* Whitebox.xcdatamodel */;
			path = Whitebox.xcdatamodeld;
			sourceTree = "<group>";
			versionGroupType = wrapper.xcdatamodel;
		};
/* End XCVersionGroup section */
	};
	rootObject = 5D79F6F51A051FE400BDB73F /* Project object */;
}
