// !$*UTF8*$!
{
	archiveVersion = 1;
	classes = {
	};
	objectVersion = 46;
	objects = {

/* Begin PBXBuildFile section */
		5D07F8F71A4247650004BF69 /* PromiseQueue.m in Sources */ = {isa = PBXBuildFile; fileRef = 5D07F8F61A4247650004BF69 /* PromiseQueue.m */; };
		5D07F8FB1A43966D0004BF69 /* PluginManager.m in Sources */ = {isa = PBXBuildFile; fileRef = 5D07F8FA1A43966D0004BF69 /* PluginManager.m */; };
		5D07F8FD1A4C43060004BF69 /* StoragePlugins.plist in Resources */ = {isa = PBXBuildFile; fileRef = 5D07F8FC1A4C43060004BF69 /* StoragePlugins.plist */; };
		5D07F9031A4C6F480004BF69 /* Utils.m in Sources */ = {isa = PBXBuildFile; fileRef = 5D07F9021A4C6F480004BF69 /* Utils.m */; };
		5D07F9051A4C72560004BF69 /* Settings.plist in Resources */ = {isa = PBXBuildFile; fileRef = 5D07F9041A4C72560004BF69 /* Settings.plist */; };
		5D07F9081A4C73D60004BF69 /* WhiteBox.m in Sources */ = {isa = PBXBuildFile; fileRef = 5D07F9071A4C73D60004BF69 /* WhiteBox.m */; };
		5D09B80F1A22750700E1DB25 /* LocalFileStoragePlugin.m in Sources */ = {isa = PBXBuildFile; fileRef = 5D09B80E1A22750700E1DB25 /* LocalFileStoragePlugin.m */; };
		5D3B19081A1402050063DD46 /* Capture.m in Sources */ = {isa = PBXBuildFile; fileRef = 5D3B19071A1402050063DD46 /* Capture.m */; };
		5D3B190B1A1402050063DD46 /* CaptureData.m in Sources */ = {isa = PBXBuildFile; fileRef = 5D3B190A1A1402050063DD46 /* CaptureData.m */; };
		5D5FB86B1A2A7D6E006C1222 /* ReactorPlugin.m in Sources */ = {isa = PBXBuildFile; fileRef = 5D5FB86A1A2A7D6E006C1222 /* ReactorPlugin.m */; };
		5D5FB8721A2A7D8B006C1222 /* Reactor.m in Sources */ = {isa = PBXBuildFile; fileRef = 5D5FB86D1A2A7D8B006C1222 /* Reactor.m */; };
		5D5FB8731A2A7D8B006C1222 /* ReactorData.m in Sources */ = {isa = PBXBuildFile; fileRef = 5D5FB86F1A2A7D8B006C1222 /* ReactorData.m */; };
		5D636C8A1A4E03AC0001A901 /* CaptureMenuListViewController.m in Sources */ = {isa = PBXBuildFile; fileRef = 5D636C891A4E03AC0001A901 /* CaptureMenuListViewController.m */; };
		5D636C8D1A4E17AE0001A901 /* CaptureViewBuilder.m in Sources */ = {isa = PBXBuildFile; fileRef = 5D636C8C1A4E17AE0001A901 /* CaptureViewBuilder.m */; };
		5D636C901A4E23860001A901 /* Localizable.strings in Resources */ = {isa = PBXBuildFile; fileRef = 5D636C8F1A4E23860001A901 /* Localizable.strings */; };
		5D636C991A50B6FE0001A901 /* LocalFileViewBuilder.m in Sources */ = {isa = PBXBuildFile; fileRef = 5D636C981A50B6FE0001A901 /* LocalFileViewBuilder.m */; };
		5D79F7061A051FE400BDB73F /* Whitebox.xcdatamodeld in Sources */ = {isa = PBXBuildFile; fileRef = 5D79F7041A051FE400BDB73F /* Whitebox.xcdatamodeld */; };
		5D79F7081A051FE400BDB73F /* Images.xcassets in Resources */ = {isa = PBXBuildFile; fileRef = 5D79F7071A051FE400BDB73F /* Images.xcassets */; };
		5D79F7171A051FE400BDB73F /* WhiteboxTests.swift in Sources */ = {isa = PBXBuildFile; fileRef = 5D79F7161A051FE400BDB73F /* WhiteboxTests.swift */; };
		5DA8D0701A22987F0024B6F8 /* ScreenGrabber.m in Sources */ = {isa = PBXBuildFile; fileRef = 5DA8D06F1A22987F0024B6F8 /* ScreenGrabber.m */; };
		5DACF9061A56968C000BB5F9 /* RESTStoragePlugin.m in Sources */ = {isa = PBXBuildFile; fileRef = 5DACF9051A56968C000BB5F9 /* RESTStoragePlugin.m */; };
		5DACF9091A56A936000BB5F9 /* RESTStoragePlugin.js in Resources */ = {isa = PBXBuildFile; fileRef = 5DACF9081A56A936000BB5F9 /* RESTStoragePlugin.js */; };
		5DACF93E1A573A0A000BB5F9 /* AppDelegate.m in Sources */ = {isa = PBXBuildFile; fileRef = 5DACF93D1A573A0A000BB5F9 /* AppDelegate.m */; };
		5DACF9401A574BCF000BB5F9 /* main.m in Sources */ = {isa = PBXBuildFile; fileRef = 5DACF93F1A574BCF000BB5F9 /* main.m */; };
		5DACF9421A574C00000BB5F9 /* WebKit.framework in Frameworks */ = {isa = PBXBuildFile; fileRef = 5DACF9411A574C00000BB5F9 /* WebKit.framework */; };
		5DBC1EC21A5755A30039E927 /* Menu.xib in Resources */ = {isa = PBXBuildFile; fileRef = 5DBC1EC11A5755A30039E927 /* Menu.xib */; };
		A13CC134D32D1FD40C00BBAD /* libPods-Whitebox.a in Frameworks */ = {isa = PBXBuildFile; fileRef = 6EA2839C6286414DE4DC56CC /* libPods-Whitebox.a */; };
/* End PBXBuildFile section */

/* Begin PBXContainerItemProxy section */
		5D79F7111A051FE400BDB73F /* PBXContainerItemProxy */ = {
			isa = PBXContainerItemProxy;
			containerPortal = 5D79F6F51A051FE400BDB73F /* Project object */;
			proxyType = 1;
			remoteGlobalIDString = 5D79F6FC1A051FE400BDB73F;
			remoteInfo = Whitebox;
		};
/* End PBXContainerItemProxy section */

/* Begin PBXFileReference section */
		5D07F8F51A4247650004BF69 /* PromiseQueue.h */ = {isa = PBXFileReference; fileEncoding = 4; lastKnownFileType = sourcecode.c.h; path = PromiseQueue.h; sourceTree = "<group>"; };
		5D07F8F61A4247650004BF69 /* PromiseQueue.m */ = {isa = PBXFileReference; fileEncoding = 4; lastKnownFileType = sourcecode.c.objc; path = PromiseQueue.m; sourceTree = "<group>"; };
		5D07F8F81A42483B0004BF69 /* Processable.h */ = {isa = PBXFileReference; fileEncoding = 4; lastKnownFileType = sourcecode.c.h; path = Processable.h; sourceTree = "<group>"; };
		5D07F8F91A43966D0004BF69 /* PluginManager.h */ = {isa = PBXFileReference; fileEncoding = 4; lastKnownFileType = sourcecode.c.h; path = PluginManager.h; sourceTree = "<group>"; };
		5D07F8FA1A43966D0004BF69 /* PluginManager.m */ = {isa = PBXFileReference; fileEncoding = 4; lastKnownFileType = sourcecode.c.objc; path = PluginManager.m; sourceTree = "<group>"; };
		5D07F8FC1A4C43060004BF69 /* StoragePlugins.plist */ = {isa = PBXFileReference; fileEncoding = 4; lastKnownFileType = text.plist.xml; path = StoragePlugins.plist; sourceTree = "<group>"; };
		5D07F9011A4C6F480004BF69 /* Utils.h */ = {isa = PBXFileReference; fileEncoding = 4; lastKnownFileType = sourcecode.c.h; path = Utils.h; sourceTree = "<group>"; };
		5D07F9021A4C6F480004BF69 /* Utils.m */ = {isa = PBXFileReference; fileEncoding = 4; lastKnownFileType = sourcecode.c.objc; path = Utils.m; sourceTree = "<group>"; };
		5D07F9041A4C72560004BF69 /* Settings.plist */ = {isa = PBXFileReference; fileEncoding = 4; lastKnownFileType = text.plist.xml; path = Settings.plist; sourceTree = "<group>"; };
		5D07F9061A4C73D60004BF69 /* WhiteBox.h */ = {isa = PBXFileReference; fileEncoding = 4; lastKnownFileType = sourcecode.c.h; path = WhiteBox.h; sourceTree = "<group>"; };
		5D07F9071A4C73D60004BF69 /* WhiteBox.m */ = {isa = PBXFileReference; fileEncoding = 4; lastKnownFileType = sourcecode.c.objc; path = WhiteBox.m; sourceTree = "<group>"; };
		5D09B80D1A22750700E1DB25 /* LocalFileStoragePlugin.h */ = {isa = PBXFileReference; fileEncoding = 4; lastKnownFileType = sourcecode.c.h; path = LocalFileStoragePlugin.h; sourceTree = "<group>"; };
		5D09B80E1A22750700E1DB25 /* LocalFileStoragePlugin.m */ = {isa = PBXFileReference; fileEncoding = 4; lastKnownFileType = sourcecode.c.objc; path = LocalFileStoragePlugin.m; sourceTree = "<group>"; };
		5D31DD251A26927500D50599 /* ScreenGrabberDelegate.h */ = {isa = PBXFileReference; fileEncoding = 4; lastKnownFileType = sourcecode.c.h; path = ScreenGrabberDelegate.h; sourceTree = "<group>"; };
		5D3B19061A1402050063DD46 /* Capture.h */ = {isa = PBXFileReference; fileEncoding = 4; lastKnownFileType = sourcecode.c.h; path = Capture.h; sourceTree = "<group>"; };
		5D3B19071A1402050063DD46 /* Capture.m */ = {isa = PBXFileReference; fileEncoding = 4; lastKnownFileType = sourcecode.c.objc; path = Capture.m; sourceTree = "<group>"; };
		5D3B19091A1402050063DD46 /* CaptureData.h */ = {isa = PBXFileReference; fileEncoding = 4; lastKnownFileType = sourcecode.c.h; path = CaptureData.h; sourceTree = "<group>"; };
		5D3B190A1A1402050063DD46 /* CaptureData.m */ = {isa = PBXFileReference; fileEncoding = 4; lastKnownFileType = sourcecode.c.objc; path = CaptureData.m; sourceTree = "<group>"; };
		5D5FB8691A2A7D6E006C1222 /* ReactorPlugin.h */ = {isa = PBXFileReference; fileEncoding = 4; lastKnownFileType = sourcecode.c.h; path = ReactorPlugin.h; sourceTree = "<group>"; };
		5D5FB86A1A2A7D6E006C1222 /* ReactorPlugin.m */ = {isa = PBXFileReference; fileEncoding = 4; lastKnownFileType = sourcecode.c.objc; path = ReactorPlugin.m; sourceTree = "<group>"; };
		5D5FB86C1A2A7D8B006C1222 /* Reactor.h */ = {isa = PBXFileReference; fileEncoding = 4; lastKnownFileType = sourcecode.c.h; path = Reactor.h; sourceTree = "<group>"; };
		5D5FB86D1A2A7D8B006C1222 /* Reactor.m */ = {isa = PBXFileReference; fileEncoding = 4; lastKnownFileType = sourcecode.c.objc; path = Reactor.m; sourceTree = "<group>"; };
		5D5FB86E1A2A7D8B006C1222 /* ReactorData.h */ = {isa = PBXFileReference; fileEncoding = 4; lastKnownFileType = sourcecode.c.h; path = ReactorData.h; sourceTree = "<group>"; };
		5D5FB86F1A2A7D8B006C1222 /* ReactorData.m */ = {isa = PBXFileReference; fileEncoding = 4; lastKnownFileType = sourcecode.c.objc; path = ReactorData.m; sourceTree = "<group>"; };
		5D5FB8701A2A7D8B006C1222 /* ReactorDelegate.h */ = {isa = PBXFileReference; fileEncoding = 4; lastKnownFileType = sourcecode.c.h; path = ReactorDelegate.h; sourceTree = "<group>"; };
		5D5FB8711A2A7D8B006C1222 /* ReactorEvents.h */ = {isa = PBXFileReference; fileEncoding = 4; lastKnownFileType = sourcecode.c.h; path = ReactorEvents.h; sourceTree = "<group>"; };
		5D5FB8771A2A8571006C1222 /* SharedContextKeys.h */ = {isa = PBXFileReference; lastKnownFileType = sourcecode.c.h; path = SharedContextKeys.h; sourceTree = "<group>"; };
		5D636C881A4E03AC0001A901 /* CaptureMenuListViewController.h */ = {isa = PBXFileReference; fileEncoding = 4; lastKnownFileType = sourcecode.c.h; path = CaptureMenuListViewController.h; sourceTree = "<group>"; };
		5D636C891A4E03AC0001A901 /* CaptureMenuListViewController.m */ = {isa = PBXFileReference; fileEncoding = 4; lastKnownFileType = sourcecode.c.objc; path = CaptureMenuListViewController.m; sourceTree = "<group>"; };
		5D636C8B1A4E17AE0001A901 /* CaptureViewBuilder.h */ = {isa = PBXFileReference; fileEncoding = 4; lastKnownFileType = sourcecode.c.h; path = CaptureViewBuilder.h; sourceTree = "<group>"; };
		5D636C8C1A4E17AE0001A901 /* CaptureViewBuilder.m */ = {isa = PBXFileReference; fileEncoding = 4; lastKnownFileType = sourcecode.c.objc; path = CaptureViewBuilder.m; sourceTree = "<group>"; };
		5D636C8F1A4E23860001A901 /* Localizable.strings */ = {isa = PBXFileReference; fileEncoding = 4; lastKnownFileType = text.plist.strings; path = Localizable.strings; sourceTree = "<group>"; };
		5D636C971A50B6FE0001A901 /* LocalFileViewBuilder.h */ = {isa = PBXFileReference; fileEncoding = 4; lastKnownFileType = sourcecode.c.h; path = LocalFileViewBuilder.h; sourceTree = "<group>"; };
		5D636C981A50B6FE0001A901 /* LocalFileViewBuilder.m */ = {isa = PBXFileReference; fileEncoding = 4; lastKnownFileType = sourcecode.c.objc; path = LocalFileViewBuilder.m; sourceTree = "<group>"; };
		5D79F6FD1A051FE400BDB73F /* Whitebox.app */ = {isa = PBXFileReference; explicitFileType = wrapper.application; includeInIndex = 0; path = Whitebox.app; sourceTree = BUILT_PRODUCTS_DIR; };
		5D79F7011A051FE400BDB73F /* Info.plist */ = {isa = PBXFileReference; lastKnownFileType = text.plist.xml; path = Info.plist; sourceTree = "<group>"; };
		5D79F7051A051FE400BDB73F /* Whitebox.xcdatamodel */ = {isa = PBXFileReference; lastKnownFileType = wrapper.xcdatamodel; path = Whitebox.xcdatamodel; sourceTree = "<group>"; };
		5D79F7071A051FE400BDB73F /* Images.xcassets */ = {isa = PBXFileReference; lastKnownFileType = folder.assetcatalog; path = Images.xcassets; sourceTree = "<group>"; };
		5D79F7101A051FE400BDB73F /* WhiteboxTests.xctest */ = {isa = PBXFileReference; explicitFileType = wrapper.cfbundle; includeInIndex = 0; path = WhiteboxTests.xctest; sourceTree = BUILT_PRODUCTS_DIR; };
		5D79F7151A051FE400BDB73F /* Info.plist */ = {isa = PBXFileReference; lastKnownFileType = text.plist.xml; path = Info.plist; sourceTree = "<group>"; };
		5D79F7161A051FE400BDB73F /* WhiteboxTests.swift */ = {isa = PBXFileReference; lastKnownFileType = sourcecode.swift; path = WhiteboxTests.swift; sourceTree = "<group>"; };
		5DA8D06E1A22987F0024B6F8 /* ScreenGrabber.h */ = {isa = PBXFileReference; fileEncoding = 4; lastKnownFileType = sourcecode.c.h; path = ScreenGrabber.h; sourceTree = "<group>"; };
		5DA8D06F1A22987F0024B6F8 /* ScreenGrabber.m */ = {isa = PBXFileReference; fileEncoding = 4; lastKnownFileType = sourcecode.c.objc; path = ScreenGrabber.m; sourceTree = "<group>"; };
		5DACF9041A56968C000BB5F9 /* RESTStoragePlugin.h */ = {isa = PBXFileReference; fileEncoding = 4; lastKnownFileType = sourcecode.c.h; path = RESTStoragePlugin.h; sourceTree = "<group>"; };
		5DACF9051A56968C000BB5F9 /* RESTStoragePlugin.m */ = {isa = PBXFileReference; fileEncoding = 4; lastKnownFileType = sourcecode.c.objc; path = RESTStoragePlugin.m; sourceTree = "<group>"; };
		5DACF9081A56A936000BB5F9 /* RESTStoragePlugin.js */ = {isa = PBXFileReference; fileEncoding = 4; lastKnownFileType = sourcecode.javascript; path = RESTStoragePlugin.js; sourceTree = "<group>"; };
		5DACF93C1A573A0A000BB5F9 /* AppDelegate.h */ = {isa = PBXFileReference; fileEncoding = 4; lastKnownFileType = sourcecode.c.h; path = AppDelegate.h; sourceTree = "<group>"; };
		5DACF93D1A573A0A000BB5F9 /* AppDelegate.m */ = {isa = PBXFileReference; fileEncoding = 4; lastKnownFileType = sourcecode.c.objc; path = AppDelegate.m; sourceTree = "<group>"; };
		5DACF93F1A574BCF000BB5F9 /* main.m */ = {isa = PBXFileReference; fileEncoding = 4; lastKnownFileType = sourcecode.c.objc; path = main.m; sourceTree = "<group>"; };
		5DACF9411A574C00000BB5F9 /* WebKit.framework */ = {isa = PBXFileReference; lastKnownFileType = wrapper.framework; name = WebKit.framework; path = System/Library/Frameworks/WebKit.framework; sourceTree = SDKROOT; };
		5DBC1EC11A5755A30039E927 /* Menu.xib */ = {isa = PBXFileReference; fileEncoding = 4; lastKnownFileType = file.xib; path = Menu.xib; sourceTree = "<group>"; };
		6EA2839C6286414DE4DC56CC /* libPods-Whitebox.a */ = {isa = PBXFileReference; explicitFileType = archive.ar; includeInIndex = 0; path = "libPods-Whitebox.a"; sourceTree = BUILT_PRODUCTS_DIR; };
		7BC49240EFBF3587278B67BF /* Pods-Whitebox.release.xcconfig */ = {isa = PBXFileReference; includeInIndex = 1; lastKnownFileType = text.xcconfig; name = "Pods-Whitebox.release.xcconfig"; path = "Pods/Target Support Files/Pods-Whitebox/Pods-Whitebox.release.xcconfig"; sourceTree = "<group>"; };
		F53B40DDD010A2DE0FC996C3 /* Pods-Whitebox.debug.xcconfig */ = {isa = PBXFileReference; includeInIndex = 1; lastKnownFileType = text.xcconfig; name = "Pods-Whitebox.debug.xcconfig"; path = "Pods/Target Support Files/Pods-Whitebox/Pods-Whitebox.debug.xcconfig"; sourceTree = "<group>"; };
/* End PBXFileReference section */

/* Begin PBXFrameworksBuildPhase section */
		5D79F6FA1A051FE400BDB73F /* Frameworks */ = {
			isa = PBXFrameworksBuildPhase;
			buildActionMask = 2147483647;
			files = (
				5DACF9421A574C00000BB5F9 /* WebKit.framework in Frameworks */,
				A13CC134D32D1FD40C00BBAD /* libPods-Whitebox.a in Frameworks */,
			);
			runOnlyForDeploymentPostprocessing = 0;
		};
		5D79F70D1A051FE400BDB73F /* Frameworks */ = {
			isa = PBXFrameworksBuildPhase;
			buildActionMask = 2147483647;
			files = (
			);
			runOnlyForDeploymentPostprocessing = 0;
		};
/* End PBXFrameworksBuildPhase section */

/* Begin PBXGroup section */
		49B98352CF3024D0B1050588 /* Frameworks */ = {
			isa = PBXGroup;
			children = (
				5DACF9411A574C00000BB5F9 /* WebKit.framework */,
				6EA2839C6286414DE4DC56CC /* libPods-Whitebox.a */,
			);
			name = Frameworks;
			sourceTree = "<group>";
		};
		5D07F8FE1A4C43270004BF69 /* LocalFileStoragePlugin */ = {
			isa = PBXGroup;
			children = (
				5D636C921A4F82970001A901 /* ViewBuilder */,
				5D09B80D1A22750700E1DB25 /* LocalFileStoragePlugin.h */,
				5D09B80E1A22750700E1DB25 /* LocalFileStoragePlugin.m */,
			);
			name = LocalFileStoragePlugin;
			sourceTree = "<group>";
		};
		5D07F8FF1A4C442F0004BF69 /* Reactor */ = {
			isa = PBXGroup;
			children = (
				5D5FB86C1A2A7D8B006C1222 /* Reactor.h */,
				5D5FB86D1A2A7D8B006C1222 /* Reactor.m */,
				5D5FB86E1A2A7D8B006C1222 /* ReactorData.h */,
				5D5FB86F1A2A7D8B006C1222 /* ReactorData.m */,
				5D5FB8701A2A7D8B006C1222 /* ReactorDelegate.h */,
				5D5FB8711A2A7D8B006C1222 /* ReactorEvents.h */,
			);
			name = Reactor;
			sourceTree = "<group>";
		};
		5D07F9001A4C44420004BF69 /* Plugin */ = {
			isa = PBXGroup;
			children = (
				5D5FB8691A2A7D6E006C1222 /* ReactorPlugin.h */,
				5D5FB86A1A2A7D6E006C1222 /* ReactorPlugin.m */,
				5D07F8F91A43966D0004BF69 /* PluginManager.h */,
				5D07F8FA1A43966D0004BF69 /* PluginManager.m */,
			);
			name = Plugin;
			sourceTree = "<group>";
		};
		5D09B80B1A22731500E1DB25 /* Plugins */ = {
			isa = PBXGroup;
			children = (
				5D09B80C1A22749000E1DB25 /* StoragePlugins */,
			);
			name = Plugins;
			sourceTree = "<group>";
		};
		5D09B80C1A22749000E1DB25 /* StoragePlugins */ = {
			isa = PBXGroup;
			children = (
				5DACF9021A56961A000BB5F9 /* RESTStoragePlugin */,
				5D07F8FE1A4C43270004BF69 /* LocalFileStoragePlugin */,
			);
			name = StoragePlugins;
			sourceTree = "<group>";
		};
		5D3B18FE1A13F9140063DD46 /* Core */ = {
			isa = PBXGroup;
			children = (
				5D636C861A4CD2BB0001A901 /* Misc */,
				5D07F9001A4C44420004BF69 /* Plugin */,
				5D07F8FF1A4C442F0004BF69 /* Reactor */,
				5D07F8F81A42483B0004BF69 /* Processable.h */,
				5D07F8F51A4247650004BF69 /* PromiseQueue.h */,
				5D07F8F61A4247650004BF69 /* PromiseQueue.m */,
				5D876DE41A2280A800EBFB2B /* Grabber */,
			);
			name = Core;
			sourceTree = "<group>";
		};
		5D636C861A4CD2BB0001A901 /* Misc */ = {
			isa = PBXGroup;
			children = (
				5D07F9011A4C6F480004BF69 /* Utils.h */,
				5D07F9021A4C6F480004BF69 /* Utils.m */,
				5D07F9061A4C73D60004BF69 /* WhiteBox.h */,
				5D07F9071A4C73D60004BF69 /* WhiteBox.m */,
			);
			name = Misc;
			sourceTree = "<group>";
		};
		5D636C8E1A4E1AA40001A901 /* ViewBuilder */ = {
			isa = PBXGroup;
			children = (
				5D636C8B1A4E17AE0001A901 /* CaptureViewBuilder.h */,
				5D636C8C1A4E17AE0001A901 /* CaptureViewBuilder.m */,
			);
			name = ViewBuilder;
			sourceTree = "<group>";
		};
		5D636C911A4E24E00001A901 /* ViewController */ = {
			isa = PBXGroup;
			children = (
				5D636C881A4E03AC0001A901 /* CaptureMenuListViewController.h */,
				5D636C891A4E03AC0001A901 /* CaptureMenuListViewController.m */,
			);
			name = ViewController;
			sourceTree = "<group>";
		};
		5D636C921A4F82970001A901 /* ViewBuilder */ = {
			isa = PBXGroup;
			children = (
				5D636C971A50B6FE0001A901 /* LocalFileViewBuilder.h */,
				5D636C981A50B6FE0001A901 /* LocalFileViewBuilder.m */,
			);
			name = ViewBuilder;
			sourceTree = "<group>";
		};
		5D79F6F41A051FE400BDB73F = {
			isa = PBXGroup;
			children = (
				5D79F6FF1A051FE400BDB73F /* Whitebox */,
				5D79F7131A051FE400BDB73F /* WhiteboxTests */,
				5D79F6FE1A051FE400BDB73F /* Products */,
				5DE1214559A5D3C9D814D5CB /* Pods */,
				49B98352CF3024D0B1050588 /* Frameworks */,
			);
			sourceTree = "<group>";
		};
		5D79F6FE1A051FE400BDB73F /* Products */ = {
			isa = PBXGroup;
			children = (
				5D79F6FD1A051FE400BDB73F /* Whitebox.app */,
				5D79F7101A051FE400BDB73F /* WhiteboxTests.xctest */,
			);
			name = Products;
			sourceTree = "<group>";
		};
		5D79F6FF1A051FE400BDB73F /* Whitebox */ = {
			isa = PBXGroup;
			children = (
				5D636C911A4E24E00001A901 /* ViewController */,
				5D636C8E1A4E1AA40001A901 /* ViewBuilder */,
				5D09B80B1A22731500E1DB25 /* Plugins */,
				5D3B18FE1A13F9140063DD46 /* Core */,
				5D7E8A581A0AE567000AD8BD /* Model */,
				5DACF93C1A573A0A000BB5F9 /* AppDelegate.h */,
				5DACF93D1A573A0A000BB5F9 /* AppDelegate.m */,
				5D5FB8771A2A8571006C1222 /* SharedContextKeys.h */,
				5D79F7071A051FE400BDB73F /* Images.xcassets */,
				5DBC1EC11A5755A30039E927 /* Menu.xib */,
				5D79F7041A051FE400BDB73F /* Whitebox.xcdatamodeld */,
				5D79F7001A051FE400BDB73F /* Supporting Files */,
			);
			path = Whitebox;
			sourceTree = "<group>";
		};
		5D79F7001A051FE400BDB73F /* Supporting Files */ = {
			isa = PBXGroup;
			children = (
				5DACF93F1A574BCF000BB5F9 /* main.m */,
				5DACF90A1A56ABAE000BB5F9 /* Plugins */,
				5D636C8F1A4E23860001A901 /* Localizable.strings */,
				5D79F7011A051FE400BDB73F /* Info.plist */,
				5D07F8FC1A4C43060004BF69 /* StoragePlugins.plist */,
				5D07F9041A4C72560004BF69 /* Settings.plist */,
			);
			name = "Supporting Files";
			sourceTree = "<group>";
		};
		5D79F7131A051FE400BDB73F /* WhiteboxTests */ = {
			isa = PBXGroup;
			children = (
				5D79F7161A051FE400BDB73F /* WhiteboxTests.swift */,
				5D79F7141A051FE400BDB73F /* Supporting Files */,
			);
			path = WhiteboxTests;
			sourceTree = "<group>";
		};
		5D79F7141A051FE400BDB73F /* Supporting Files */ = {
			isa = PBXGroup;
			children = (
				5D79F7151A051FE400BDB73F /* Info.plist */,
			);
			name = "Supporting Files";
			sourceTree = "<group>";
		};
		5D7E8A581A0AE567000AD8BD /* Model */ = {
			isa = PBXGroup;
			children = (
				5D3B19091A1402050063DD46 /* CaptureData.h */,
				5D3B190A1A1402050063DD46 /* CaptureData.m */,
				5D3B19061A1402050063DD46 /* Capture.h */,
				5D3B19071A1402050063DD46 /* Capture.m */,
			);
			name = Model;
			sourceTree = "<group>";
		};
		5D876DE41A2280A800EBFB2B /* Grabber */ = {
			isa = PBXGroup;
			children = (
				5DA8D06E1A22987F0024B6F8 /* ScreenGrabber.h */,
				5DA8D06F1A22987F0024B6F8 /* ScreenGrabber.m */,
				5D31DD251A26927500D50599 /* ScreenGrabberDelegate.h */,
			);
			name = Grabber;
			sourceTree = "<group>";
		};
		5DACF9021A56961A000BB5F9 /* RESTStoragePlugin */ = {
			isa = PBXGroup;
			children = (
				5DACF9031A56962F000BB5F9 /* ViewBuilder */,
				5DACF9041A56968C000BB5F9 /* RESTStoragePlugin.h */,
				5DACF9051A56968C000BB5F9 /* RESTStoragePlugin.m */,
			);
			name = RESTStoragePlugin;
			sourceTree = "<group>";
		};
		5DACF9031A56962F000BB5F9 /* ViewBuilder */ = {
			isa = PBXGroup;
			children = (
			);
			name = ViewBuilder;
			sourceTree = "<group>";
		};
		5DACF90A1A56ABAE000BB5F9 /* Plugins */ = {
			isa = PBXGroup;
			children = (
				5DACF90B1A56ABB8000BB5F9 /* RESTStoragePlugin */,
			);
			name = Plugins;
			sourceTree = "<group>";
		};
		5DACF90B1A56ABB8000BB5F9 /* RESTStoragePlugin */ = {
			isa = PBXGroup;
			children = (
				5DACF90C1A56ABC2000BB5F9 /* Script */,
			);
			name = RESTStoragePlugin;
			sourceTree = "<group>";
		};
		5DACF90C1A56ABC2000BB5F9 /* Script */ = {
			isa = PBXGroup;
			children = (
				5DACF9081A56A936000BB5F9 /* RESTStoragePlugin.js */,
			);
			name = Script;
			sourceTree = "<group>";
		};
		5DE1214559A5D3C9D814D5CB /* Pods */ = {
			isa = PBXGroup;
			children = (
				F53B40DDD010A2DE0FC996C3 /* Pods-Whitebox.debug.xcconfig */,
				7BC49240EFBF3587278B67BF /* Pods-Whitebox.release.xcconfig */,
			);
			name = Pods;
			sourceTree = "<group>";
		};
/* End PBXGroup section */

/* Begin PBXNativeTarget section */
		5D79F6FC1A051FE400BDB73F /* Whitebox */ = {
			isa = PBXNativeTarget;
			buildConfigurationList = 5D79F71A1A051FE400BDB73F /* Build configuration list for PBXNativeTarget "Whitebox" */;
			buildPhases = (
				AB72B872C906D47C97C872EE /* Check Pods Manifest.lock */,
				5D79F6F91A051FE400BDB73F /* Sources */,
				5D79F6FA1A051FE400BDB73F /* Frameworks */,
				5D79F6FB1A051FE400BDB73F /* Resources */,
				733CCC26711130108459B877 /* Copy Pods Resources */,
			);
			buildRules = (
			);
			dependencies = (
			);
			name = Whitebox;
			productName = Whitebox;
			productReference = 5D79F6FD1A051FE400BDB73F /* Whitebox.app */;
			productType = "com.apple.product-type.application";
		};
		5D79F70F1A051FE400BDB73F /* WhiteboxTests */ = {
			isa = PBXNativeTarget;
			buildConfigurationList = 5D79F71D1A051FE400BDB73F /* Build configuration list for PBXNativeTarget "WhiteboxTests" */;
			buildPhases = (
				5D79F70C1A051FE400BDB73F /* Sources */,
				5D79F70D1A051FE400BDB73F /* Frameworks */,
				5D79F70E1A051FE400BDB73F /* Resources */,
			);
			buildRules = (
			);
			dependencies = (
				5D79F7121A051FE400BDB73F /* PBXTargetDependency */,
			);
			name = WhiteboxTests;
			productName = WhiteboxTests;
			productReference = 5D79F7101A051FE400BDB73F /* WhiteboxTests.xctest */;
			productType = "com.apple.product-type.bundle.unit-test";
		};
/* End PBXNativeTarget section */

/* Begin PBXProject section */
		5D79F6F51A051FE400BDB73F /* Project object */ = {
			isa = PBXProject;
			attributes = {
				LastUpgradeCheck = 0610;
				ORGANIZATIONNAME = "Brand New Heroes";
				TargetAttributes = {
					5D79F6FC1A051FE400BDB73F = {
						CreatedOnToolsVersion = 6.1;
					};
					5D79F70F1A051FE400BDB73F = {
						CreatedOnToolsVersion = 6.1;
						TestTargetID = 5D79F6FC1A051FE400BDB73F;
					};
				};
			};
			buildConfigurationList = 5D79F6F81A051FE400BDB73F /* Build configuration list for PBXProject "Whitebox" */;
			compatibilityVersion = "Xcode 3.2";
			developmentRegion = English;
			hasScannedForEncodings = 0;
			knownRegions = (
				en,
				Base,
			);
			mainGroup = 5D79F6F41A051FE400BDB73F;
			productRefGroup = 5D79F6FE1A051FE400BDB73F /* Products */;
			projectDirPath = "";
			projectRoot = "";
			targets = (
				5D79F6FC1A051FE400BDB73F /* Whitebox */,
				5D79F70F1A051FE400BDB73F /* WhiteboxTests */,
			);
		};
/* End PBXProject section */

/* Begin PBXResourcesBuildPhase section */
		5D79F6FB1A051FE400BDB73F /* Resources */ = {
			isa = PBXResourcesBuildPhase;
			buildActionMask = 2147483647;
			files = (
				5D636C901A4E23860001A901 /* Localizable.strings in Resources */,
				5D79F7081A051FE400BDB73F /* Images.xcassets in Resources */,
				5D07F9051A4C72560004BF69 /* Settings.plist in Resources */,
				5DACF9091A56A936000BB5F9 /* RESTStoragePlugin.js in Resources */,
				5DBC1EC21A5755A30039E927 /* Menu.xib in Resources */,
				5D07F8FD1A4C43060004BF69 /* StoragePlugins.plist in Resources */,
			);
			runOnlyForDeploymentPostprocessing = 0;
		};
		5D79F70E1A051FE400BDB73F /* Resources */ = {
			isa = PBXResourcesBuildPhase;
			buildActionMask = 2147483647;
			files = (
			);
			runOnlyForDeploymentPostprocessing = 0;
		};
/* End PBXResourcesBuildPhase section */

/* Begin PBXShellScriptBuildPhase section */
		733CCC26711130108459B877 /* Copy Pods Resources */ = {
			isa = PBXShellScriptBuildPhase;
			buildActionMask = 2147483647;
			files = (
			);
			inputPaths = (
			);
			name = "Copy Pods Resources";
			outputPaths = (
			);
			runOnlyForDeploymentPostprocessing = 0;
			shellPath = /bin/sh;
			shellScript = "\"${SRCROOT}/Pods/Target Support Files/Pods-Whitebox/Pods-Whitebox-resources.sh\"\n";
			showEnvVarsInLog = 0;
		};
		AB72B872C906D47C97C872EE /* Check Pods Manifest.lock */ = {
			isa = PBXShellScriptBuildPhase;
			buildActionMask = 2147483647;
			files = (
			);
			inputPaths = (
			);
			name = "Check Pods Manifest.lock";
			outputPaths = (
			);
			runOnlyForDeploymentPostprocessing = 0;
			shellPath = /bin/sh;
			shellScript = "diff \"${PODS_ROOT}/../Podfile.lock\" \"${PODS_ROOT}/Manifest.lock\" > /dev/null\nif [[ $? != 0 ]] ; then\n    cat << EOM\nerror: The sandbox is not in sync with the Podfile.lock. Run 'pod install' or update your CocoaPods installation.\nEOM\n    exit 1\nfi\n";
			showEnvVarsInLog = 0;
		};
/* End PBXShellScriptBuildPhase section */

/* Begin PBXSourcesBuildPhase section */
		5D79F6F91A051FE400BDB73F /* Sources */ = {
			isa = PBXSourcesBuildPhase;
			buildActionMask = 2147483647;
			files = (
				5D3B190B1A1402050063DD46 /* CaptureData.m in Sources */,
				5D5FB8731A2A7D8B006C1222 /* ReactorData.m in Sources */,
				5DACF93E1A573A0A000BB5F9 /* AppDelegate.m in Sources */,
				5D09B80F1A22750700E1DB25 /* LocalFileStoragePlugin.m in Sources */,
				5DACF9061A56968C000BB5F9 /* RESTStoragePlugin.m in Sources */,
				5D07F9031A4C6F480004BF69 /* Utils.m in Sources */,
				5D07F8FB1A43966D0004BF69 /* PluginManager.m in Sources */,
				5D07F9081A4C73D60004BF69 /* WhiteBox.m in Sources */,
				5D3B19081A1402050063DD46 /* Capture.m in Sources */,
				5D5FB8721A2A7D8B006C1222 /* Reactor.m in Sources */,
				5D07F8F71A4247650004BF69 /* PromiseQueue.m in Sources */,
				5D5FB86B1A2A7D6E006C1222 /* ReactorPlugin.m in Sources */,
				5D636C8D1A4E17AE0001A901 /* CaptureViewBuilder.m in Sources */,
				5DA8D0701A22987F0024B6F8 /* ScreenGrabber.m in Sources */,
				5D636C8A1A4E03AC0001A901 /* CaptureMenuListViewController.m in Sources */,
				5D636C991A50B6FE0001A901 /* LocalFileViewBuilder.m in Sources */,
				5DACF9401A574BCF000BB5F9 /* main.m in Sources */,
				5D79F7061A051FE400BDB73F /* Whitebox.xcdatamodeld in Sources */,
			);
			runOnlyForDeploymentPostprocessing = 0;
		};
		5D79F70C1A051FE400BDB73F /* Sources */ = {
			isa = PBXSourcesBuildPhase;
			buildActionMask = 2147483647;
			files = (
				5D79F7171A051FE400BDB73F /* WhiteboxTests.swift in Sources */,
			);
			runOnlyForDeploymentPostprocessing = 0;
		};
/* End PBXSourcesBuildPhase section */

/* Begin PBXTargetDependency section */
		5D79F7121A051FE400BDB73F /* PBXTargetDependency */ = {
			isa = PBXTargetDependency;
			target = 5D79F6FC1A051FE400BDB73F /* Whitebox */;
			targetProxy = 5D79F7111A051FE400BDB73F /* PBXContainerItemProxy */;
		};
/* End PBXTargetDependency section */

/* Begin XCBuildConfiguration section */
		5D79F7181A051FE400BDB73F /* Debug */ = {
			isa = XCBuildConfiguration;
			buildSettings = {
				ALWAYS_SEARCH_USER_PATHS = NO;
				CLANG_CXX_LANGUAGE_STANDARD = "gnu++0x";
				CLANG_CXX_LIBRARY = "libc++";
				CLANG_ENABLE_MODULES = YES;
				CLANG_ENABLE_OBJC_ARC = YES;
				CLANG_WARN_BOOL_CONVERSION = YES;
				CLANG_WARN_CONSTANT_CONVERSION = YES;
				CLANG_WARN_DIRECT_OBJC_ISA_USAGE = YES_ERROR;
				CLANG_WARN_EMPTY_BODY = YES;
				CLANG_WARN_ENUM_CONVERSION = YES;
				CLANG_WARN_INT_CONVERSION = YES;
				CLANG_WARN_OBJC_ROOT_CLASS = YES_ERROR;
				CLANG_WARN_UNREACHABLE_CODE = YES;
				CLANG_WARN__DUPLICATE_METHOD_MATCH = YES;
				CODE_SIGN_IDENTITY = "-";
				COPY_PHASE_STRIP = NO;
				ENABLE_STRICT_OBJC_MSGSEND = YES;
				GCC_C_LANGUAGE_STANDARD = gnu99;
				GCC_DYNAMIC_NO_PIC = NO;
				GCC_OPTIMIZATION_LEVEL = 0;
				GCC_PREPROCESSOR_DEFINITIONS = (
					"DEBUG=1",
					"$(inherited)",
				);
				GCC_SYMBOLS_PRIVATE_EXTERN = NO;
				GCC_WARN_64_TO_32_BIT_CONVERSION = YES;
				GCC_WARN_ABOUT_RETURN_TYPE = YES_ERROR;
				GCC_WARN_UNDECLARED_SELECTOR = YES;
				GCC_WARN_UNINITIALIZED_AUTOS = YES_AGGRESSIVE;
				GCC_WARN_UNUSED_FUNCTION = YES;
				GCC_WARN_UNUSED_VARIABLE = YES;
				MACOSX_DEPLOYMENT_TARGET = 10.9;
				MTL_ENABLE_DEBUG_INFO = YES;
				ONLY_ACTIVE_ARCH = YES;
				SDKROOT = macosx;
				SWIFT_OPTIMIZATION_LEVEL = "-Onone";
			};
			name = Debug;
		};
		5D79F7191A051FE400BDB73F /* Release */ = {
			isa = XCBuildConfiguration;
			buildSettings = {
				ALWAYS_SEARCH_USER_PATHS = NO;
				CLANG_CXX_LANGUAGE_STANDARD = "gnu++0x";
				CLANG_CXX_LIBRARY = "libc++";
				CLANG_ENABLE_MODULES = YES;
				CLANG_ENABLE_OBJC_ARC = YES;
				CLANG_WARN_BOOL_CONVERSION = YES;
				CLANG_WARN_CONSTANT_CONVERSION = YES;
				CLANG_WARN_DIRECT_OBJC_ISA_USAGE = YES_ERROR;
				CLANG_WARN_EMPTY_BODY = YES;
				CLANG_WARN_ENUM_CONVERSION = YES;
				CLANG_WARN_INT_CONVERSION = YES;
				CLANG_WARN_OBJC_ROOT_CLASS = YES_ERROR;
				CLANG_WARN_UNREACHABLE_CODE = YES;
				CLANG_WARN__DUPLICATE_METHOD_MATCH = YES;
				CODE_SIGN_IDENTITY = "-";
				COPY_PHASE_STRIP = YES;
				DEBUG_INFORMATION_FORMAT = "dwarf-with-dsym";
				ENABLE_NS_ASSERTIONS = NO;
				ENABLE_STRICT_OBJC_MSGSEND = YES;
				GCC_C_LANGUAGE_STANDARD = gnu99;
				GCC_WARN_64_TO_32_BIT_CONVERSION = YES;
				GCC_WARN_ABOUT_RETURN_TYPE = YES_ERROR;
				GCC_WARN_UNDECLARED_SELECTOR = YES;
				GCC_WARN_UNINITIALIZED_AUTOS = YES_AGGRESSIVE;
				GCC_WARN_UNUSED_FUNCTION = YES;
				GCC_WARN_UNUSED_VARIABLE = YES;
				MACOSX_DEPLOYMENT_TARGET = 10.9;
				MTL_ENABLE_DEBUG_INFO = NO;
				SDKROOT = macosx;
			};
			name = Release;
		};
		5D79F71B1A051FE400BDB73F /* Debug */ = {
			isa = XCBuildConfiguration;
			baseConfigurationReference = F53B40DDD010A2DE0FC996C3 /* Pods-Whitebox.debug.xcconfig */;
			buildSettings = {
				ASSETCATALOG_COMPILER_APPICON_NAME = AppIcon;
				CLANG_ENABLE_MODULES = YES;
				COMBINE_HIDPI_IMAGES = YES;
				INFOPLIST_FILE = Whitebox/Info.plist;
				LD_RUNPATH_SEARCH_PATHS = "$(inherited) @executable_path/../Frameworks";
				MACOSX_DEPLOYMENT_TARGET = 10.9;
				PRODUCT_NAME = "$(TARGET_NAME)";
			};
			name = Debug;
		};
		5D79F71C1A051FE400BDB73F /* Release */ = {
			isa = XCBuildConfiguration;
			baseConfigurationReference = 7BC49240EFBF3587278B67BF /* Pods-Whitebox.release.xcconfig */;
			buildSettings = {
				ASSETCATALOG_COMPILER_APPICON_NAME = AppIcon;
				CLANG_ENABLE_MODULES = YES;
				COMBINE_HIDPI_IMAGES = YES;
				INFOPLIST_FILE = Whitebox/Info.plist;
				LD_RUNPATH_SEARCH_PATHS = "$(inherited) @executable_path/../Frameworks";
				MACOSX_DEPLOYMENT_TARGET = 10.9;
				PRODUCT_NAME = "$(TARGET_NAME)";
			};
			name = Release;
		};
		5D79F71E1A051FE400BDB73F /* Debug */ = {
			isa = XCBuildConfiguration;
			buildSettings = {
				BUNDLE_LOADER = "$(TEST_HOST)";
				COMBINE_HIDPI_IMAGES = YES;
				FRAMEWORK_SEARCH_PATHS = (
					"$(DEVELOPER_FRAMEWORKS_DIR)",
					"$(inherited)",
				);
				GCC_PREPROCESSOR_DEFINITIONS = (
					"DEBUG=1",
					"$(inherited)",
				);
				INFOPLIST_FILE = WhiteboxTests/Info.plist;
				LD_RUNPATH_SEARCH_PATHS = "$(inherited) @executable_path/../Frameworks @loader_path/../Frameworks";
				PRODUCT_NAME = "$(TARGET_NAME)";
				TEST_HOST = "$(BUILT_PRODUCTS_DIR)/Whitebox.app/Contents/MacOS/Whitebox";
			};
			name = Debug;
		};
		5D79F71F1A051FE400BDB73F /* Release */ = {
			isa = XCBuildConfiguration;
			buildSettings = {
				BUNDLE_LOADER = "$(TEST_HOST)";
				COMBINE_HIDPI_IMAGES = YES;
				FRAMEWORK_SEARCH_PATHS = (
					"$(DEVELOPER_FRAMEWORKS_DIR)",
					"$(inherited)",
				);
				INFOPLIST_FILE = WhiteboxTests/Info.plist;
				LD_RUNPATH_SEARCH_PATHS = "$(inherited) @executable_path/../Frameworks @loader_path/../Frameworks";
				PRODUCT_NAME = "$(TARGET_NAME)";
				TEST_HOST = "$(BUILT_PRODUCTS_DIR)/Whitebox.app/Contents/MacOS/Whitebox";
			};
			name = Release;
		};
/* End XCBuildConfiguration section */

/* Begin XCConfigurationList section */
		5D79F6F81A051FE400BDB73F /* Build configuration list for PBXProject "Whitebox" */ = {
			isa = XCConfigurationList;
			buildConfigurations = (
				5D79F7181A051FE400BDB73F /* Debug */,
				5D79F7191A051FE400BDB73F /* Release */,
			);
			defaultConfigurationIsVisible = 0;
			defaultConfigurationName = Release;
		};
		5D79F71A1A051FE400BDB73F /* Build configuration list for PBXNativeTarget "Whitebox" */ = {
			isa = XCConfigurationList;
			buildConfigurations = (
				5D79F71B1A051FE400BDB73F /* Debug */,
				5D79F71C1A051FE400BDB73F /* Release */,
			);
			defaultConfigurationIsVisible = 0;
			defaultConfigurationName = Release;
		};
		5D79F71D1A051FE400BDB73F /* Build configuration list for PBXNativeTarget "WhiteboxTests" */ = {
			isa = XCConfigurationList;
			buildConfigurations = (
				5D79F71E1A051FE400BDB73F /* Debug */,
				5D79F71F1A051FE400BDB73F /* Release */,
			);
			defaultConfigurationIsVisible = 0;
			defaultConfigurationName = Release;
		};
/* End XCConfigurationList section */

/* Begin XCVersionGroup section */
		5D79F7041A051FE400BDB73F /* Whitebox.xcdatamodeld */ = {
			isa = XCVersionGroup;
			children = (
				5D79F7051A051FE400BDB73F /* Whitebox.xcdatamodel */,
			);
			currentVersion = 5D79F7051A051FE400BDB73F /* Whitebox.xcdatamodel */;
			path = Whitebox.xcdatamodeld;
			sourceTree = "<group>";
			versionGroupType = wrapper.xcdatamodel;
		};
/* End XCVersionGroup section */
	};
	rootObject = 5D79F6F51A051FE400BDB73F /* Project object */;
}
